
Microsoft Visual Studio Solution File, Format Version 12.00
# Visual Studio Version 16
VisualStudioVersion = 16.0.31729.503
MinimumVisualStudioVersion = 10.0.40219.1
Project("{FAE04EC0-301F-11D3-BF4B-00C04F79EFBC}") = "calculator", "calculator.csproj", "{FCE30205-EB51-40D6-9ABE-62EC3E34AAAC}"
EndProject
Global
	GlobalSection(SolutionConfigurationPlatforms) = preSolution
		Debug|Any CPU = Debug|Any CPU
		Release|Any CPU = Release|Any CPU
	EndGlobalSection
	GlobalSection(ProjectConfigurationPlatforms) = postSolution
		{FCE30205-EB51-40D6-9ABE-62EC3E34AAAC}.Debug|Any CPU.ActiveCfg = Debug|Any CPU
		{FCE30205-EB51-40D6-9ABE-62EC3E34AAAC}.Debug|Any CPU.Build.0 = Debug|Any CPU
		{FCE30205-EB51-40D6-9ABE-62EC3E34AAAC}.Release|Any CPU.ActiveCfg = Release|Any CPU
		{FCE30205-EB51-40D6-9ABE-62EC3E34AAAC}.Release|Any CPU.Build.0 = Release|Any CPU
	EndGlobalSection
	GlobalSection(SolutionProperties) = preSolution
		HideSolutionNode = FALSE
	EndGlobalSection
	GlobalSection(ExtensibilityGlobals) = postSolution
		SolutionGuid = {F76E255A-0C46-4514-B529-4B5B541067F3}
	EndGlobalSection
EndGlobal
